
Microsoft Visual Studio Solution File, Format Version 12.00
# Visual Studio Version 17
VisualStudioVersion = 17.10.35013.160
MinimumVisualStudioVersion = 10.0.40219.1
Project("{9A19103F-16F7-4668-BE54-9A1E7A4F7556}") = "Selkie.AutoMocking", "Selkie.AutoMocking\Selkie.AutoMocking.csproj", "{197DD981-D1AF-4DEE-AFDB-BED6880EB431}"
EndProject
Project("{9A19103F-16F7-4668-BE54-9A1E7A4F7556}") = "Selkie.AutoMocking.Tests", "Selkie.AutoMocking.Tests\Selkie.AutoMocking.Tests.csproj", "{FD79720E-09DC-4059-B298-E03D91C2FD55}"
EndProject
Project("{9A19103F-16F7-4668-BE54-9A1E7A4F7556}") = "Selkie.AutoMocking.Net8.Tests", "Selkie.AutoMocking.Net5.Tests\Selkie.AutoMocking.Net8.Tests.csproj", "{8E8A2448-6D52-4F34-836D-C159C36D0588}"
EndProject
Global
	GlobalSection(SolutionConfigurationPlatforms) = preSolution
		Debug|Any CPU = Debug|Any CPU
		Release|Any CPU = Release|Any CPU
	EndGlobalSection
	GlobalSection(ProjectConfigurationPlatforms) = postSolution
		{197DD981-D1AF-4DEE-AFDB-BED6880EB431}.Debug|Any CPU.ActiveCfg = Debug|Any CPU
		{197DD981-D1AF-4DEE-AFDB-BED6880EB431}.Debug|Any CPU.Build.0 = Debug|Any CPU
		{197DD981-D1AF-4DEE-AFDB-BED6880EB431}.Release|Any CPU.ActiveCfg = Release|Any CPU
		{197DD981-D1AF-4DEE-AFDB-BED6880EB431}.Release|Any CPU.Build.0 = Release|Any CPU
		{FD79720E-09DC-4059-B298-E03D91C2FD55}.Debug|Any CPU.ActiveCfg = Debug|Any CPU
		{FD79720E-09DC-4059-B298-E03D91C2FD55}.Debug|Any CPU.Build.0 = Debug|Any CPU
		{FD79720E-09DC-4059-B298-E03D91C2FD55}.Release|Any CPU.ActiveCfg = Release|Any CPU
		{FD79720E-09DC-4059-B298-E03D91C2FD55}.Release|Any CPU.Build.0 = Release|Any CPU
		{8E8A2448-6D52-4F34-836D-C159C36D0588}.Debug|Any CPU.ActiveCfg = Debug|Any CPU
		{8E8A2448-6D52-4F34-836D-C159C36D0588}.Debug|Any CPU.Build.0 = Debug|Any CPU
		{8E8A2448-6D52-4F34-836D-C159C36D0588}.Release|Any CPU.ActiveCfg = Release|Any CPU
		{8E8A2448-6D52-4F34-836D-C159C36D0588}.Release|Any CPU.Build.0 = Release|Any CPU
	EndGlobalSection
	GlobalSection(SolutionProperties) = preSolution
		HideSolutionNode = FALSE
	EndGlobalSection
	GlobalSection(ExtensibilityGlobals) = postSolution
		SolutionGuid = {DD8DA1D9-02B5-4D36-B5F8-87A5221D7B2C}
	EndGlobalSection
EndGlobal
